
Microsoft Visual Studio Solution File, Format Version 12.00
# Visual Studio Version 17
VisualStudioVersion = 17.8.34511.84
MinimumVisualStudioVersion = 10.0.40219.1
Project("{9A19103F-16F7-4668-BE54-9A1E7A4F7556}") = "Atividade_06_Vitrine", "Atividade_06_Vitrine.csproj", "{C21F5999-AB03-40DE-BBDD-FA9407AA58DE}"
EndProject
Global
	GlobalSection(SolutionConfigurationPlatforms) = preSolution
		Debug|Any CPU = Debug|Any CPU
		Release|Any CPU = Release|Any CPU
	EndGlobalSection
	GlobalSection(ProjectConfigurationPlatforms) = postSolution
		{C21F5999-AB03-40DE-BBDD-FA9407AA58DE}.Debug|Any CPU.ActiveCfg = Debug|Any CPU
		{C21F5999-AB03-40DE-BBDD-FA9407AA58DE}.Debug|Any CPU.Build.0 = Debug|Any CPU
		{C21F5999-AB03-40DE-BBDD-FA9407AA58DE}.Release|Any CPU.ActiveCfg = Release|Any CPU
		{C21F5999-AB03-40DE-BBDD-FA9407AA58DE}.Release|Any CPU.Build.0 = Release|Any CPU
	EndGlobalSection
	GlobalSection(SolutionProperties) = preSolution
		HideSolutionNode = FALSE
	EndGlobalSection
	GlobalSection(ExtensibilityGlobals) = postSolution
		SolutionGuid = {D17B7607-1DC1-42B5-9724-5F33E88319A6}
	EndGlobalSection
EndGlobal
